
Microsoft Visual Studio Solution File, Format Version 12.00
# Visual Studio Version 16
VisualStudioVersion = 16.0.30711.63
MinimumVisualStudioVersion = 10.0.40219.1
Project("{FAE04EC0-301F-11D3-BF4B-00C04F79EFBC}") = "WcfServiceEnseignement", "WcfServiceEnseignement.csproj", "{C1CB158B-A827-4C67-90ED-643B64CB78E1}"
EndProject
Project("{9A19103F-16F7-4668-BE54-9A1E7A4F7556}") = "WpfENSAT", "..\WpfENSAT\WpfENSAT.csproj", "{D66A5257-0955-4ACE-823A-7B1F60B08791}"
EndProject
Global
	GlobalSection(SolutionConfigurationPlatforms) = preSolution
		Debug|Any CPU = Debug|Any CPU
		Release|Any CPU = Release|Any CPU
	EndGlobalSection
	GlobalSection(ProjectConfigurationPlatforms) = postSolution
		{C1CB158B-A827-4C67-90ED-643B64CB78E1}.Debug|Any CPU.ActiveCfg = Debug|Any CPU
		{C1CB158B-A827-4C67-90ED-643B64CB78E1}.Debug|Any CPU.Build.0 = Debug|Any CPU
		{C1CB158B-A827-4C67-90ED-643B64CB78E1}.Release|Any CPU.ActiveCfg = Release|Any CPU
		{C1CB158B-A827-4C67-90ED-643B64CB78E1}.Release|Any CPU.Build.0 = Release|Any CPU
		{D66A5257-0955-4ACE-823A-7B1F60B08791}.Debug|Any CPU.ActiveCfg = Debug|Any CPU
		{D66A5257-0955-4ACE-823A-7B1F60B08791}.Debug|Any CPU.Build.0 = Debug|Any CPU
		{D66A5257-0955-4ACE-823A-7B1F60B08791}.Release|Any CPU.ActiveCfg = Release|Any CPU
		{D66A5257-0955-4ACE-823A-7B1F60B08791}.Release|Any CPU.Build.0 = Release|Any CPU
	EndGlobalSection
	GlobalSection(SolutionProperties) = preSolution
		HideSolutionNode = FALSE
	EndGlobalSection
	GlobalSection(ExtensibilityGlobals) = postSolution
		SolutionGuid = {E690A887-6D0F-4DB6-B364-C2204ABBFC37}
	EndGlobalSection
EndGlobal
